github.com/Max-Gabriel-Susman/rtmp v0.1.0 h1:rV2T1+/R5LhYUZf/0yvdrZuFUON7G/RMbE9OKshHeUA=
github.com/Max-Gabriel-Susman/rtmp v0.1.0/go.mod h1:mzNphNiouZwma64pFkm52+R5Lu3QH0xlhmfNPgoRJyo=
github.com/golang-jwt/jwt v3.2.2+incompatible h1:IfV12K8xAKAnZqdXVzCZ+TOjboZ2keLg81eXfW3O+oY=
github.com/golang-jwt/jwt v3.2.2+incompatible/go.mod h1:8pz2t5EyA70fFQQSrl6XZXzqecmYZeUEB8OUGHkxJ+I=
