github.com/Max-Gabriel-Susman/rtmp v0.0.0-20241227033408-813e8dcc2c7c h1:G1Xe8ZAtWL+INM7rbrI+yIYow+RXXVaiDG9ecbjpWEw=
github.com/Max-Gabriel-Susman/rtmp v0.0.0-20241227033408-813e8dcc2c7c/go.mod h1:mItaOb1aVvmeMMyYmShgvYMvtvPGs0AynZVcMijqJJE=
github.com/Max-Gabriel-Susman/rtmp v0.0.0-20241228035145-14e4d35d4c32 h1:Z9giBTfZ2oxw3Q0oKDyfr5THcZJiZRgCDqcJMJpg0RM=
github.com/Max-Gabriel-Susman/rtmp v0.0.0-20241228035145-14e4d35d4c32/go.mod h1:mItaOb1aVvmeMMyYmShgvYMvtvPGs0AynZVcMijqJJE=
